
Microsoft Visual Studio Solution File, Format Version 12.00
# Visual Studio Version 17
VisualStudioVersion = 17.8.34511.84
MinimumVisualStudioVersion = 10.0.40219.1
Project("{9A19103F-16F7-4668-BE54-9A1E7A4F7556}") = "S1ClientsAndServersApps", "S1ClientsAndServersApps.csproj", "{95E0695F-3F74-49BE-A226-EB5D1431115A}"
EndProject
Project("{FAE04EC0-301F-11D3-BF4B-00C04F79EFBC}") = "ConsoleApp1232323", "..\ConsoleApp1232323\ConsoleApp1232323.csproj", "{21597AA3-5027-4E27-86DD-7C5371222FE7}"
EndProject
Global
	GlobalSection(SolutionConfigurationPlatforms) = preSolution
		Debug|Any CPU = Debug|Any CPU
		Release|Any CPU = Release|Any CPU
	EndGlobalSection
	GlobalSection(ProjectConfigurationPlatforms) = postSolution
		{95E0695F-3F74-49BE-A226-EB5D1431115A}.Debug|Any CPU.ActiveCfg = Debug|Any CPU
		{95E0695F-3F74-49BE-A226-EB5D1431115A}.Debug|Any CPU.Build.0 = Debug|Any CPU
		{95E0695F-3F74-49BE-A226-EB5D1431115A}.Release|Any CPU.ActiveCfg = Release|Any CPU
		{95E0695F-3F74-49BE-A226-EB5D1431115A}.Release|Any CPU.Build.0 = Release|Any CPU
		{21597AA3-5027-4E27-86DD-7C5371222FE7}.Debug|Any CPU.ActiveCfg = Debug|Any CPU
		{21597AA3-5027-4E27-86DD-7C5371222FE7}.Debug|Any CPU.Build.0 = Debug|Any CPU
		{21597AA3-5027-4E27-86DD-7C5371222FE7}.Release|Any CPU.ActiveCfg = Release|Any CPU
		{21597AA3-5027-4E27-86DD-7C5371222FE7}.Release|Any CPU.Build.0 = Release|Any CPU
	EndGlobalSection
	GlobalSection(SolutionProperties) = preSolution
		HideSolutionNode = FALSE
	EndGlobalSection
	GlobalSection(ExtensibilityGlobals) = postSolution
		SolutionGuid = {05332210-1EB4-4F58-A9AD-AD8327F799E0}
	EndGlobalSection
EndGlobal
